<Solution>
  <Folder Name="/src/">
    <Project Path="src/Leva.Framework.Core/Leva.Framework.Core.csproj" />
    <Project Path="src/Leva.Framework.Engine/Leva.Framework.Engine.csproj" />
    <Project Path="src/Leva.Framework.Fakes/Leva.Framework.Fakes.csproj" />
    <Project Path="src/Leva.Framework.Identity/Leva.Framework.Identity.csproj" />
    <Project Path="src/Leva.Framework.Storage/Leva.Framework.Storage.csproj" />
    <Project Path="src/Leva.Framework.Storage.Files/Leva.Framework.Storage.Files.csproj" />
    <Project Path="src/Leva.Framework.Storage.Memory/Leva.Framework.Storage.Memory.csproj" />
    <Project Path="src/Leva.Framework.Storage.Sqlite/Leva.Framework.Storage.Sqlite.csproj" />
  </Folder>
  <Folder Name="/tests/">
    <Project Path="tests/Leva.Framework.Core.Tests/Leva.Framework.Core.Tests.csproj" />
    <Project Path="tests/Leva.Framework.Engine.Tests/Leva.Framework.Engine.Tests.csproj" />
    <Project Path="tests/Leva.Framework.Fakes.Tests/Leva.Framework.Fakes.Tests.csproj" />
    <Project Path="tests/Leva.Framework.Storage.Tests/Leva.Framework.Storage.Tests.csproj" />
    <Project Path="tests/Leva.Framework.Storage.Files.Tests/Leva.Framework.Storage.Files.Tests.csproj" />
    <Project Path="tests/Leva.Framework.Storage.Memory.Tests/Leva.Framework.Storage.Memory.Tests.csproj" />
    <Project Path="tests/Leva.Framework.Storage.Sqlite.Tests/Leva.Framework.Storage.Sqlite.Tests.csproj" />
  </Folder>
</Solution>
